// !$*UTF8*$!
{
	archiveVersion = 1;
	classes = {
	};
	objectVersion = 77;
	objects = {

/* Begin PBXBuildFile section */
		03863E642C4407E3015E8A6F /* RouteVideoExporter.swift in Sources */ = {isa = PBXBuildFile; fileRef = 2E5142BB036429F57BDB8708 /* RouteVideoExporter.swift */; };
		27790E19AE6BA1E81675B9BC /* AddJourneyView.swift in Sources */ = {isa = PBXBuildFile; fileRef = 7C7A5278A6B2FC50B32650F1 /* AddJourneyView.swift */; };
		2F9D95B8D6199CA648A052A0 /* RetraceApp.swift in Sources */ = {isa = PBXBuildFile; fileRef = 84160B349AD59443F5FF7727 /* RetraceApp.swift */; };
		327EACAC0FF2A5390EC7FDAA /* JourneyMapView.swift in Sources */ = {isa = PBXBuildFile; fileRef = FC12D1801A9968F1CCC126F1 /* JourneyMapView.swift */; };
		4AEDA29DDAA6FFB66478D33F /* JourneyListView.swift in Sources */ = {isa = PBXBuildFile; fileRef = CEFE4A5E0659AC4D963348FD /* JourneyListView.swift */; };
		5D24B7A237DD6C9A8D3E48BE /* Journey.swift in Sources */ = {isa = PBXBuildFile; fileRef = 241B228AD2FCA0186FF8F4DB /* Journey.swift */; };
		5EA72284B4EB07F09528A058 /* CoordinateParser.swift in Sources */ = {isa = PBXBuildFile; fileRef = AB1E0974F9729D47D7A97F9C /* CoordinateParser.swift */; };
		62603FD6C968D92575679E67 /* Assets.xcassets in Resources */ = {isa = PBXBuildFile; fileRef = 516D263E2DFC775C39BDE2DC /* Assets.xcassets */; };
		C802D61F848156F3C462BA35 /* TimelineParser.swift in Sources */ = {isa = PBXBuildFile; fileRef = B8BE1666036EF02431F61A72 /* TimelineParser.swift */; };
		DBD5A09D3049BAB600CD8582 /* RecordedLocation.swift in Sources */ = {isa = PBXBuildFile; fileRef = DBD5A09C3049BAAB00CD8582 /* RecordedLocation.swift */; };
		DBD5A09F3049C13F00CD8582 /* AppContainer.swift in Sources */ = {isa = PBXBuildFile; fileRef = DBD5A09E3049C13B00CD8582 /* AppContainer.swift */; };
		DBD5A0A33049D12000CD8582 /* LocationRecordingService.swift in Sources */ = {isa = PBXBuildFile; fileRef = DBD5A0A23049D11B00CD8582 /* LocationRecordingService.swift */; };
		DBD5A0A5304D71CB00CD8582 /* LocationRecordingViewModel.swift in Sources */ = {isa = PBXBuildFile; fileRef = DBD5A0A4304D71C000CD8582 /* LocationRecordingViewModel.swift */; };
		DBD5A0A7304D809B00CD8582 /* LocationRecordingDebugView.swift in Sources */ = {isa = PBXBuildFile; fileRef = DBD5A0A6304D809B00CD8582 /* LocationRecordingDebugView.swift */; };
/* End PBXBuildFile section */

/* Begin PBXFileReference section */
		204419B94452991DA76D0739 /* Retrace.app */ = {isa = PBXFileReference; includeInIndex = 0; lastKnownFileType = wrapper.application; path = Retrace.app; sourceTree = BUILT_PRODUCTS_DIR; };
		241B228AD2FCA0186FF8F4DB /* Journey.swift */ = {isa = PBXFileReference; lastKnownFileType = sourcecode.swift; path = Journey.swift; sourceTree = "<group>"; };
		2E5142BB036429F57BDB8708 /* RouteVideoExporter.swift */ = {isa = PBXFileReference; lastKnownFileType = sourcecode.swift; path = RouteVideoExporter.swift; sourceTree = "<group>"; };
		516D263E2DFC775C39BDE2DC /* Assets.xcassets */ = {isa = PBXFileReference; lastKnownFileType = folder.assetcatalog; path = Assets.xcassets; sourceTree = "<group>"; };
		7C7A5278A6B2FC50B32650F1 /* AddJourneyView.swift */ = {isa = PBXFileReference; lastKnownFileType = sourcecode.swift; path = AddJourneyView.swift; sourceTree = "<group>"; };
		84160B349AD59443F5FF7727 /* RetraceApp.swift */ = {isa = PBXFileReference; lastKnownFileType = sourcecode.swift; path = RetraceApp.swift; sourceTree = "<group>"; };
		AB1E0974F9729D47D7A97F9C /* CoordinateParser.swift */ = {isa = PBXFileReference; lastKnownFileType = sourcecode.swift; path = CoordinateParser.swift; sourceTree = "<group>"; };
		B8BE1666036EF02431F61A72 /* TimelineParser.swift */ = {isa = PBXFileReference; lastKnownFileType = sourcecode.swift; path = TimelineParser.swift; sourceTree = "<group>"; };
		CEFE4A5E0659AC4D963348FD /* JourneyListView.swift */ = {isa = PBXFileReference; lastKnownFileType = sourcecode.swift; path = JourneyListView.swift; sourceTree = "<group>"; };
		DBD5A09C3049BAAB00CD8582 /* RecordedLocation.swift */ = {isa = PBXFileReference; lastKnownFileType = sourcecode.swift; path = RecordedLocation.swift; sourceTree = "<group>"; };
		DBD5A09E3049C13B00CD8582 /* AppContainer.swift */ = {isa = PBXFileReference; lastKnownFileType = sourcecode.swift; path = AppContainer.swift; sourceTree = "<group>"; };
		DBD5A0A23049D11B00CD8582 /* LocationRecordingService.swift */ = {isa = PBXFileReference; lastKnownFileType = sourcecode.swift; path = LocationRecordingService.swift; sourceTree = "<group>"; };
		DBD5A0A4304D71C000CD8582 /* LocationRecordingViewModel.swift */ = {isa = PBXFileReference; lastKnownFileType = sourcecode.swift; path = LocationRecordingViewModel.swift; sourceTree = "<group>"; };
		DBD5A0A6304D809B00CD8582 /* LocationRecordingDebugView.swift */ = {isa = PBXFileReference; lastKnownFileType = sourcecode.swift; path = LocationRecordingDebugView.swift; sourceTree = "<group>"; };
		F05B502A155AC014365BB3A3 /* Info.plist */ = {isa = PBXFileReference; lastKnownFileType = text.plist; path = Info.plist; sourceTree = "<group>"; };
		FC12D1801A9968F1CCC126F1 /* JourneyMapView.swift */ = {isa = PBXFileReference; lastKnownFileType = sourcecode.swift; path = JourneyMapView.swift; sourceTree = "<group>"; };
/* End PBXFileReference section */

/* Begin PBXGroup section */
		08841C64335A2AC8A202E4DD /* Parsing */ = {
			isa = PBXGroup;
			children = (
				AB1E0974F9729D47D7A97F9C /* CoordinateParser.swift */,
				B8BE1666036EF02431F61A72 /* TimelineParser.swift */,
			);
			path = Parsing;
			sourceTree = "<group>";
		};
		354EAB422FB089AB1FD0448B /* Export */ = {
			isa = PBXGroup;
			children = (
				2E5142BB036429F57BDB8708 /* RouteVideoExporter.swift */,
			);
			path = Export;
			sourceTree = "<group>";
		};
		42B7B82E5AFB53F2324F4DDD = {
			isa = PBXGroup;
			children = (
				CC4E82F396C18D854D15D2D0 /* Retrace */,
				CF978FDD8CD6071365FC124E /* Products */,
			);
			sourceTree = "<group>";
		};
		5A58EE4B0B141BF07ED237AE /* Models */ = {
			isa = PBXGroup;
			children = (
				241B228AD2FCA0186FF8F4DB /* Journey.swift */,
				DBD5A09C3049BAAB00CD8582 /* RecordedLocation.swift */,
			);
			path = Models;
			sourceTree = "<group>";
		};
		79315DFA9FC277D9D8D12215 /* Recording */ = {
			isa = PBXGroup;
			children = (
				DBD5A0A4304D71C000CD8582 /* LocationRecordingViewModel.swift */,
				DBD5A0A23049D11B00CD8582 /* LocationRecordingService.swift */,
				DBD5A09E3049C13B00CD8582 /* AppContainer.swift */,
				DBD5A0A6304D809B00CD8582 /* LocationRecordingDebugView.swift */,
			);
			path = Recording;
			sourceTree = "<group>";
		};
		9F34B5867271C9FB8C8492C8 /* Views */ = {
			isa = PBXGroup;
			children = (
				7C7A5278A6B2FC50B32650F1 /* AddJourneyView.swift */,
				CEFE4A5E0659AC4D963348FD /* JourneyListView.swift */,
				FC12D1801A9968F1CCC126F1 /* JourneyMapView.swift */,
			);
			path = Views;
			sourceTree = "<group>";
		};
		CC4E82F396C18D854D15D2D0 /* Retrace */ = {
			isa = PBXGroup;
			children = (
				516D263E2DFC775C39BDE2DC /* Assets.xcassets */,
				F05B502A155AC014365BB3A3 /* Info.plist */,
				84160B349AD59443F5FF7727 /* RetraceApp.swift */,
				354EAB422FB089AB1FD0448B /* Export */,
				5A58EE4B0B141BF07ED237AE /* Models */,
				08841C64335A2AC8A202E4DD /* Parsing */,
				79315DFA9FC277D9D8D12215 /* Recording */,
				9F34B5867271C9FB8C8492C8 /* Views */,
			);
			path = Retrace;
			sourceTree = "<group>";
		};
		CF978FDD8CD6071365FC124E /* Products */ = {
			isa = PBXGroup;
			children = (
				204419B94452991DA76D0739 /* Retrace.app */,
			);
			name = Products;
			sourceTree = "<group>";
		};
/* End PBXGroup section */

/* Begin PBXNativeTarget section */
		AF9F34808B9230FDF2634141 /* Retrace */ = {
			isa = PBXNativeTarget;
			buildConfigurationList = BB16202495C3FCD1C05899E5 /* Build configuration list for PBXNativeTarget "Retrace" */;
			buildPhases = (
				7A9DEF4473DEDC3EBD75A111 /* Sources */,
				80FD70492FAA5B16BA20D27A /* Resources */,
			);
			buildRules = (
			);
			dependencies = (
			);
			name = Retrace;
			packageProductDependencies = (
			);
			productName = Retrace;
			productReference = 204419B94452991DA76D0739 /* Retrace.app */;
			productType = "com.apple.product-type.application";
		};
/* End PBXNativeTarget section */

/* Begin PBXProject section */
		D6309FA43F20E68FB0F36CDC /* Project object */ = {
			isa = PBXProject;
			attributes = {
				BuildIndependentTargetsInParallel = YES;
				LastUpgradeCheck = 1430;
				TargetAttributes = {
					AF9F34808B9230FDF2634141 = {
						DevelopmentTeam = BPKZ3792AR;
						ProvisioningStyle = Automatic;
					};
				};
			};
			buildConfigurationList = 6B3AE0C70DC840D0918B9C7B /* Build configuration list for PBXProject "Retrace" */;
			developmentRegion = en;
			hasScannedForEncodings = 0;
			knownRegions = (
				Base,
				en,
			);
			mainGroup = 42B7B82E5AFB53F2324F4DDD;
			minimizedProjectReferenceProxies = 1;
			preferredProjectObjectVersion = 77;
			productRefGroup = CF978FDD8CD6071365FC124E /* Products */;
			projectDirPath = "";
			projectRoot = "";
			targets = (
				AF9F34808B9230FDF2634141 /* Retrace */,
			);
		};
/* End PBXProject section */

/* Begin PBXResourcesBuildPhase section */
		80FD70492FAA5B16BA20D27A /* Resources */ = {
			isa = PBXResourcesBuildPhase;
			buildActionMask = 2147483647;
			files = (
				62603FD6C968D92575679E67 /* Assets.xcassets in Resources */,
			);
			runOnlyForDeploymentPostprocessing = 0;
		};
/* End PBXResourcesBuildPhase section */

/* Begin PBXSourcesBuildPhase section */
		7A9DEF4473DEDC3EBD75A111 /* Sources */ = {
			isa = PBXSourcesBuildPhase;
			buildActionMask = 2147483647;
			files = (
				27790E19AE6BA1E81675B9BC /* AddJourneyView.swift in Sources */,
				5EA72284B4EB07F09528A058 /* CoordinateParser.swift in Sources */,
				5D24B7A237DD6C9A8D3E48BE /* Journey.swift in Sources */,
				4AEDA29DDAA6FFB66478D33F /* JourneyListView.swift in Sources */,
				DBD5A0A33049D12000CD8582 /* LocationRecordingService.swift in Sources */,
				327EACAC0FF2A5390EC7FDAA /* JourneyMapView.swift in Sources */,
				DBD5A0A7304D809B00CD8582 /* LocationRecordingDebugView.swift in Sources */,
				DBD5A0A5304D71CB00CD8582 /* LocationRecordingViewModel.swift in Sources */,
				2F9D95B8D6199CA648A052A0 /* RetraceApp.swift in Sources */,
				03863E642C4407E3015E8A6F /* RouteVideoExporter.swift in Sources */,
				DBD5A09F3049C13F00CD8582 /* AppContainer.swift in Sources */,
				C802D61F848156F3C462BA35 /* TimelineParser.swift in Sources */,
				DBD5A09D3049BAB600CD8582 /* RecordedLocation.swift in Sources */,
			);
			runOnlyForDeploymentPostprocessing = 0;
		};
/* End PBXSourcesBuildPhase section */

/* Begin XCBuildConfiguration section */
		2962222644155F4153C53D8F /* Debug */ = {
			isa = XCBuildConfiguration;
			buildSettings = {
				ASSETCATALOG_COMPILER_APPICON_NAME = AppIcon;
				ASSETCATALOG_COMPILER_GLOBAL_ACCENT_COLOR_NAME = AccentColor;
				CODE_SIGN_IDENTITY = "iPhone Developer";
				ENABLE_PREVIEWS = YES;
				GENERATE_INFOPLIST_FILE = NO;
				INFOPLIST_FILE = Retrace/Info.plist;
				IPHONEOS_DEPLOYMENT_TARGET = 17.0;
				LD_RUNPATH_SEARCH_PATHS = (
					"$(inherited)",
					"@executable_path/Frameworks",
				);
				PRODUCT_BUNDLE_IDENTIFIER = com.Brian.Retrace;
				SDKROOT = iphoneos;
				SWIFT_EMIT_LOC_STRINGS = YES;
				TARGETED_DEVICE_FAMILY = "1,2";
			};
			name = Debug;
		};
		2CF722924BAF60E9BB59B8CA /* Debug */ = {
			isa = XCBuildConfiguration;
			buildSettings = {
				ALWAYS_SEARCH_USER_PATHS = NO;
				CLANG_ANALYZER_NONNULL = YES;
				CLANG_ANALYZER_NUMBER_OBJECT_CONVERSION = YES_AGGRESSIVE;
				CLANG_CXX_LANGUAGE_STANDARD = "gnu++14";
				CLANG_CXX_LIBRARY = "libc++";
				CLANG_ENABLE_MODULES = YES;
				CLANG_ENABLE_OBJC_ARC = YES;
				CLANG_ENABLE_OBJC_WEAK = YES;
				CLANG_WARN_BLOCK_CAPTURE_AUTORELEASING = YES;
				CLANG_WARN_BOOL_CONVERSION = YES;
				CLANG_WARN_COMMA = YES;
				CLANG_WARN_CONSTANT_CONVERSION = YES;
				CLANG_WARN_DEPRECATED_OBJC_IMPLEMENTATIONS = YES;
				CLANG_WARN_DIRECT_OBJC_ISA_USAGE = YES_ERROR;
				CLANG_WARN_DOCUMENTATION_COMMENTS = YES;
				CLANG_WARN_EMPTY_BODY = YES;
				CLANG_WARN_ENUM_CONVERSION = YES;
				CLANG_WARN_INFINITE_RECURSION = YES;
				CLANG_WARN_INT_CONVERSION = YES;
				CLANG_WARN_NON_LITERAL_NULL_CONVERSION = YES;
				CLANG_WARN_OBJC_IMPLICIT_RETAIN_SELF = YES;
				CLANG_WARN_OBJC_LITERAL_CONVERSION = YES;
				CLANG_WARN_OBJC_ROOT_CLASS = YES_ERROR;
				CLANG_WARN_QUOTED_INCLUDE_IN_FRAMEWORK_HEADER = YES;
				CLANG_WARN_RANGE_LOOP_ANALYSIS = YES;
				CLANG_WARN_STRICT_PROTOTYPES = YES;
				CLANG_WARN_SUSPICIOUS_MOVE = YES;
				CLANG_WARN_UNGUARDED_AVAILABILITY = YES_AGGRESSIVE;
				CLANG_WARN_UNREACHABLE_CODE = YES;
				CLANG_WARN__DUPLICATE_METHOD_MATCH = YES;
				CODE_SIGN_STYLE = Automatic;
				COPY_PHASE_STRIP = NO;
				CURRENT_PROJECT_VERSION = 1;
				DEBUG_INFORMATION_FORMAT = dwarf;
				DEVELOPMENT_TEAM = BPKZ3792AR;
				ENABLE_STRICT_OBJC_MSGSEND = YES;
				ENABLE_TESTABILITY = YES;
				GCC_C_LANGUAGE_STANDARD = gnu11;
				GCC_DYNAMIC_NO_PIC = NO;
				GCC_NO_COMMON_BLOCKS = YES;
				GCC_OPTIMIZATION_LEVEL = 0;
				GCC_PREPROCESSOR_DEFINITIONS = (
					"$(inherited)",
					"DEBUG=1",
				);
				GCC_WARN_64_TO_32_BIT_CONVERSION = YES;
				GCC_WARN_ABOUT_RETURN_TYPE = YES_ERROR;
				GCC_WARN_UNDECLARED_SELECTOR = YES;
				GCC_WARN_UNINITIALIZED_AUTOS = YES_AGGRESSIVE;
				GCC_WARN_UNUSED_FUNCTION = YES;
				GCC_WARN_UNUSED_VARIABLE = YES;
				IPHONEOS_DEPLOYMENT_TARGET = 17.0;
				MARKETING_VERSION = 1.0;
				MTL_ENABLE_DEBUG_INFO = INCLUDE_SOURCE;
				MTL_FAST_MATH = YES;
				ONLY_ACTIVE_ARCH = YES;
				PRODUCT_NAME = "$(TARGET_NAME)";
				SDKROOT = iphoneos;
				SWIFT_ACTIVE_COMPILATION_CONDITIONS = DEBUG;
				SWIFT_OPTIMIZATION_LEVEL = "-Onone";
				SWIFT_VERSION = 5.0;
			};
			name = Debug;
		};
		CA20AC9461993A81DEC7DA42 /* Release */ = {
			isa = XCBuildConfiguration;
			buildSettings = {
				ASSETCATALOG_COMPILER_APPICON_NAME = AppIcon;
				ASSETCATALOG_COMPILER_GLOBAL_ACCENT_COLOR_NAME = AccentColor;
				CODE_SIGN_IDENTITY = "iPhone Developer";
				ENABLE_PREVIEWS = YES;
				GENERATE_INFOPLIST_FILE = NO;
				INFOPLIST_FILE = Retrace/Info.plist;
				IPHONEOS_DEPLOYMENT_TARGET = 17.0;
				LD_RUNPATH_SEARCH_PATHS = (
					"$(inherited)",
					"@executable_path/Frameworks",
				);
				PRODUCT_BUNDLE_IDENTIFIER = com.Brian.Retrace;
				SDKROOT = iphoneos;
				SWIFT_EMIT_LOC_STRINGS = YES;
				TARGETED_DEVICE_FAMILY = "1,2";
			};
			name = Release;
		};
		DC89CB2880EDA098A76949FF /* Release */ = {
			isa = XCBuildConfiguration;
			buildSettings = {
				ALWAYS_SEARCH_USER_PATHS = NO;
				CLANG_ANALYZER_NONNULL = YES;
				CLANG_ANALYZER_NUMBER_OBJECT_CONVERSION = YES_AGGRESSIVE;
				CLANG_CXX_LANGUAGE_STANDARD = "gnu++14";
				CLANG_CXX_LIBRARY = "libc++";
				CLANG_ENABLE_MODULES = YES;
				CLANG_ENABLE_OBJC_ARC = YES;
				CLANG_ENABLE_OBJC_WEAK = YES;
				CLANG_WARN_BLOCK_CAPTURE_AUTORELEASING = YES;
				CLANG_WARN_BOOL_CONVERSION = YES;
				CLANG_WARN_COMMA = YES;
				CLANG_WARN_CONSTANT_CONVERSION = YES;
				CLANG_WARN_DEPRECATED_OBJC_IMPLEMENTATIONS = YES;
				CLANG_WARN_DIRECT_OBJC_ISA_USAGE = YES_ERROR;
				CLANG_WARN_DOCUMENTATION_COMMENTS = YES;
				CLANG_WARN_EMPTY_BODY = YES;
				CLANG_WARN_ENUM_CONVERSION = YES;
				CLANG_WARN_INFINITE_RECURSION = YES;
				CLANG_WARN_INT_CONVERSION = YES;
				CLANG_WARN_NON_LITERAL_NULL_CONVERSION = YES;
				CLANG_WARN_OBJC_IMPLICIT_RETAIN_SELF = YES;
				CLANG_WARN_OBJC_LITERAL_CONVERSION = YES;
				CLANG_WARN_OBJC_ROOT_CLASS = YES_ERROR;
				CLANG_WARN_QUOTED_INCLUDE_IN_FRAMEWORK_HEADER = YES;
				CLANG_WARN_RANGE_LOOP_ANALYSIS = YES;
				CLANG_WARN_STRICT_PROTOTYPES = YES;
				CLANG_WARN_SUSPICIOUS_MOVE = YES;
				CLANG_WARN_UNGUARDED_AVAILABILITY = YES_AGGRESSIVE;
				CLANG_WARN_UNREACHABLE_CODE = YES;
				CLANG_WARN__DUPLICATE_METHOD_MATCH = YES;
				CODE_SIGN_STYLE = Automatic;
				COPY_PHASE_STRIP = NO;
				CURRENT_PROJECT_VERSION = 1;
				DEBUG_INFORMATION_FORMAT = "dwarf-with-dsym";
				DEVELOPMENT_TEAM = BPKZ3792AR;
				ENABLE_NS_ASSERTIONS = NO;
				ENABLE_STRICT_OBJC_MSGSEND = YES;
				GCC_C_LANGUAGE_STANDARD = gnu11;
				GCC_NO_COMMON_BLOCKS = YES;
				GCC_WARN_64_TO_32_BIT_CONVERSION = YES;
				GCC_WARN_ABOUT_RETURN_TYPE = YES_ERROR;
				GCC_WARN_UNDECLARED_SELECTOR = YES;
				GCC_WARN_UNINITIALIZED_AUTOS = YES_AGGRESSIVE;
				GCC_WARN_UNUSED_FUNCTION = YES;
				GCC_WARN_UNUSED_VARIABLE = YES;
				IPHONEOS_DEPLOYMENT_TARGET = 17.0;
				MARKETING_VERSION = 1.0;
				MTL_ENABLE_DEBUG_INFO = NO;
				MTL_FAST_MATH = YES;
				PRODUCT_NAME = "$(TARGET_NAME)";
				SDKROOT = iphoneos;
				SWIFT_COMPILATION_MODE = wholemodule;
				SWIFT_OPTIMIZATION_LEVEL = "-O";
				SWIFT_VERSION = 5.0;
			};
			name = Release;
		};
/* End XCBuildConfiguration section */

/* Begin XCConfigurationList section */
		6B3AE0C70DC840D0918B9C7B /* Build configuration list for PBXProject "Retrace" */ = {
			isa = XCConfigurationList;
			buildConfigurations = (
				2CF722924BAF60E9BB59B8CA /* Debug */,
				DC89CB2880EDA098A76949FF /* Release */,
			);
			defaultConfigurationIsVisible = 0;
			defaultConfigurationName = Debug;
		};
		BB16202495C3FCD1C05899E5 /* Build configuration list for PBXNativeTarget "Retrace" */ = {
			isa = XCConfigurationList;
			buildConfigurations = (
				2962222644155F4153C53D8F /* Debug */,
				CA20AC9461993A81DEC7DA42 /* Release */,
			);
			defaultConfigurationIsVisible = 0;
			defaultConfigurationName = Debug;
		};
/* End XCConfigurationList section */
	};
	rootObject = D6309FA43F20E68FB0F36CDC /* Project object */;
}
